
Microsoft Visual Studio Solution File, Format Version 12.00
# Visual Studio 14
VisualStudioVersion = 14.0.23107.0
MinimumVisualStudioVersion = 10.0.40219.1
Project("{8BC9CEB8-8B4A-11D0-8D11-00A0C91BC942}") = "TwentyGameSolver", "TwentyGameSolver\TwentyGameSolver.vcxproj", "{5F018BD6-ADE8-4568-9D95-AA0421AB9EAC}"
EndProject
Global
	GlobalSection(SolutionConfigurationPlatforms) = preSolution
		Debug|x64 = Debug|x64
		Debug|x86 = Debug|x86
		Release|x64 = Release|x64
		Release|x86 = Release|x86
	EndGlobalSection
	GlobalSection(ProjectConfigurationPlatforms) = postSolution
		{5F018BD6-ADE8-4568-9D95-AA0421AB9EAC}.Debug|x64.ActiveCfg = Debug|x64
		{5F018BD6-ADE8-4568-9D95-AA0421AB9EAC}.Debug|x64.Build.0 = Debug|x64
		{5F018BD6-ADE8-4568-9D95-AA0421AB9EAC}.Debug|x86.ActiveCfg = Debug|Win32
		{5F018BD6-ADE8-4568-9D95-AA0421AB9EAC}.Debug|x86.Build.0 = Debug|Win32
		{5F018BD6-ADE8-4568-9D95-AA0421AB9EAC}.Release|x64.ActiveCfg = Release|x64
		{5F018BD6-ADE8-4568-9D95-AA0421AB9EAC}.Release|x64.Build.0 = Release|x64
		{5F018BD6-ADE8-4568-9D95-AA0421AB9EAC}.Release|x86.ActiveCfg = Release|Win32
		{5F018BD6-ADE8-4568-9D95-AA0421AB9EAC}.Release|x86.Build.0 = Release|Win32
	EndGlobalSection
	GlobalSection(SolutionProperties) = preSolution
		HideSolutionNode = FALSE
	EndGlobalSection
EndGlobal
